
Microsoft Visual Studio Solution File, Format Version 12.00
# Visual Studio Version 17
VisualStudioVersion = 17.0.31903.59
MinimumVisualStudioVersion = 10.0.40219.1
Project("{9A19103F-16F7-4668-BE54-9A1E7A4F7556}") = "API", "API\API.csproj", "{1B5E6181-2361-4E7A-99E2-A9936151C8BF}"
EndProject
Project("{9A19103F-16F7-4668-BE54-9A1E7A4F7556}") = "Application", "Application\Application.csproj", "{8BF14B81-B895-4EC7-846B-D3CDF68B2B90}"
EndProject
Project("{9A19103F-16F7-4668-BE54-9A1E7A4F7556}") = "Domain", "Domain\Domain.csproj", "{6E21E2BC-5A20-47DB-B7F5-51309FF18D99}"
EndProject
Project("{9A19103F-16F7-4668-BE54-9A1E7A4F7556}") = "Persistence", "Persistence\Persistence.csproj", "{D8C178C5-A9A3-4EA5-97CD-F4894B80869C}"
EndProject
Global
	GlobalSection(SolutionConfigurationPlatforms) = preSolution
		Debug|Any CPU = Debug|Any CPU
		Release|Any CPU = Release|Any CPU
	EndGlobalSection
	GlobalSection(ProjectConfigurationPlatforms) = postSolution
		{1B5E6181-2361-4E7A-99E2-A9936151C8BF}.Debug|Any CPU.ActiveCfg = Debug|Any CPU
		{1B5E6181-2361-4E7A-99E2-A9936151C8BF}.Debug|Any CPU.Build.0 = Debug|Any CPU
		{1B5E6181-2361-4E7A-99E2-A9936151C8BF}.Release|Any CPU.ActiveCfg = Release|Any CPU
		{1B5E6181-2361-4E7A-99E2-A9936151C8BF}.Release|Any CPU.Build.0 = Release|Any CPU
		{8BF14B81-B895-4EC7-846B-D3CDF68B2B90}.Debug|Any CPU.ActiveCfg = Debug|Any CPU
		{8BF14B81-B895-4EC7-846B-D3CDF68B2B90}.Debug|Any CPU.Build.0 = Debug|Any CPU
		{8BF14B81-B895-4EC7-846B-D3CDF68B2B90}.Release|Any CPU.ActiveCfg = Release|Any CPU
		{8BF14B81-B895-4EC7-846B-D3CDF68B2B90}.Release|Any CPU.Build.0 = Release|Any CPU
		{6E21E2BC-5A20-47DB-B7F5-51309FF18D99}.Debug|Any CPU.ActiveCfg = Debug|Any CPU
		{6E21E2BC-5A20-47DB-B7F5-51309FF18D99}.Debug|Any CPU.Build.0 = Debug|Any CPU
		{6E21E2BC-5A20-47DB-B7F5-51309FF18D99}.Release|Any CPU.ActiveCfg = Release|Any CPU
		{6E21E2BC-5A20-47DB-B7F5-51309FF18D99}.Release|Any CPU.Build.0 = Release|Any CPU
		{D8C178C5-A9A3-4EA5-97CD-F4894B80869C}.Debug|Any CPU.ActiveCfg = Debug|Any CPU
		{D8C178C5-A9A3-4EA5-97CD-F4894B80869C}.Debug|Any CPU.Build.0 = Debug|Any CPU
		{D8C178C5-A9A3-4EA5-97CD-F4894B80869C}.Release|Any CPU.ActiveCfg = Release|Any CPU
		{D8C178C5-A9A3-4EA5-97CD-F4894B80869C}.Release|Any CPU.Build.0 = Release|Any CPU
	EndGlobalSection
	GlobalSection(SolutionProperties) = preSolution
		HideSolutionNode = FALSE
	EndGlobalSection
	GlobalSection(ExtensibilityGlobals) = postSolution
		SolutionGuid = {B12A8C09-EFF9-4C9D-A62C-F3CB38FAE7AF}
	EndGlobalSection
EndGlobal
